// !$*UTF8*$!
{
	archiveVersion = 1;
	classes = {
	};
	objectVersion = 46;
	objects = {

/* Begin PBXBuildFile section */
		CE0661BF1F263BFC00B2A3CE /* AppDelegate.swift in Sources */ = {isa = PBXBuildFile; fileRef = CE0661BE1F263BFC00B2A3CE /* AppDelegate.swift */; };
		CE0661C11F263BFC00B2A3CE /* ViewController.swift in Sources */ = {isa = PBXBuildFile; fileRef = CE0661C01F263BFC00B2A3CE /* ViewController.swift */; };
		CE0661C41F263BFC00B2A3CE /* Main.storyboard in Resources */ = {isa = PBXBuildFile; fileRef = CE0661C21F263BFC00B2A3CE /* Main.storyboard */; };
		CE0661C61F263BFC00B2A3CE /* Assets.xcassets in Resources */ = {isa = PBXBuildFile; fileRef = CE0661C51F263BFC00B2A3CE /* Assets.xcassets */; };
		CE0661C91F263BFC00B2A3CE /* LaunchScreen.storyboard in Resources */ = {isa = PBXBuildFile; fileRef = CE0661C71F263BFC00B2A3CE /* LaunchScreen.storyboard */; };
		CE0661D11F263C5600B2A3CE /* FantasticView.swift in Sources */ = {isa = PBXBuildFile; fileRef = CE0661D01F263C5600B2A3CE /* FantasticView.swift */; };
/* End PBXBuildFile section */

/* Begin PBXFileReference section */
		CE0661BB1F263BFC00B2A3CE /* FantasticView.app */ = {isa = PBXFileReference; explicitFileType = wrapper.application; includeInIndex = 0; path = FantasticView.app; sourceTree = BUILT_PRODUCTS_DIR; };
		CE0661BE1F263BFC00B2A3CE /* AppDelegate.swift */ = {isa = PBXFileReference; lastKnownFileType = sourcecode.swift; path = AppDelegate.swift; sourceTree = "<group>"; };
		CE0661C01F263BFC00B2A3CE /* ViewController.swift */ = {isa = PBXFileReference; lastKnownFileType = sourcecode.swift; path = ViewController.swift; sourceTree = "<group>"; };
		CE0661C31F263BFC00B2A3CE /* Base */ = {isa = PBXFileReference; lastKnownFileType = file.storyboard; name = Base; path = Base.lproj/Main.storyboard; sourceTree = "<group>"; };
		CE0661C51F263BFC00B2A3CE /* Assets.xcassets */ = {isa = PBXFileReference; lastKnownFileType = folder.assetcatalog; path = Assets.xcassets; sourceTree = "<group>"; };
		CE0661C81F263BFC00B2A3CE /* Base */ = {isa = PBXFileReference; lastKnownFileType = file.storyboard; name = Base; path = Base.lproj/LaunchScreen.storyboard; sourceTree = "<group>"; };
		CE0661CA1F263BFC00B2A3CE /* Info.plist */ = {isa = PBXFileReference; lastKnownFileType = text.plist.xml; path = Info.plist; sourceTree = "<group>"; };
		CE0661D01F263C5600B2A3CE /* FantasticView.swift */ = {isa = PBXFileReference; fileEncoding = 4; lastKnownFileType = sourcecode.swift; path = FantasticView.swift; sourceTree = "<group>"; };
/* End PBXFileReference section */

/* Begin PBXFrameworksBuildPhase section */
		CE0661B81F263BFC00B2A3CE /* Frameworks */ = {
			isa = PBXFrameworksBuildPhase;
			buildActionMask = 2147483647;
			files = (
			);
			runOnlyForDeploymentPostprocessing = 0;
		};
/* End PBXFrameworksBuildPhase section */

/* Begin PBXGroup section */
		CE0661B21F263BFC00B2A3CE = {
			isa = PBXGroup;
			children = (
				CE0661BD1F263BFC00B2A3CE /* FantasticView */,
				CE0661BC1F263BFC00B2A3CE /* Products */,
			);
			sourceTree = "<group>";
		};
		CE0661BC1F263BFC00B2A3CE /* Products */ = {
			isa = PBXGroup;
			children = (
				CE0661BB1F263BFC00B2A3CE /* FantasticView.app */,
			);
			name = Products;
			sourceTree = "<group>";
		};
		CE0661BD1F263BFC00B2A3CE /* FantasticView */ = {
			isa = PBXGroup;
			children = (
				CE0661BE1F263BFC00B2A3CE /* AppDelegate.swift */,
				CE0661C01F263BFC00B2A3CE /* ViewController.swift */,
				CE0661C21F263BFC00B2A3CE /* Main.storyboard */,
				CE0661C51F263BFC00B2A3CE /* Assets.xcassets */,
				CE0661C71F263BFC00B2A3CE /* LaunchScreen.storyboard */,
				CE0661CA1F263BFC00B2A3CE /* Info.plist */,
				CE0661D01F263C5600B2A3CE /* FantasticView.swift */,
			);
			path = FantasticView;
			sourceTree = "<group>";
		};
/* End PBXGroup section */

/* Begin PBXNativeTarget section */
		CE0661BA1F263BFC00B2A3CE /* FantasticView */ = {
			isa = PBXNativeTarget;
			buildConfigurationList = CE0661CD1F263BFC00B2A3CE /* Build configuration list for PBXNativeTarget "FantasticView" */;
			buildPhases = (
				CE0661B71F263BFC00B2A3CE /* Sources */,
				CE0661B81F263BFC00B2A3CE /* Frameworks */,
				CE0661B91F263BFC00B2A3CE /* Resources */,
			);
			buildRules = (
			);
			dependencies = (
			);
			name = FantasticView;
			productName = FantasticView;
			productReference = CE0661BB1F263BFC00B2A3CE /* FantasticView.app */;
			productType = "com.apple.product-type.application";
		};
/* End PBXNativeTarget section */

/* Begin PBXProject section */
		CE0661B31F263BFC00B2A3CE /* Project object */ = {
			isa = PBXProject;
			attributes = {
				LastSwiftUpdateCheck = 0830;
				LastUpgradeCheck = 0830;
				ORGANIZATIONNAME = "Francisco Fernandez Medina";
				TargetAttributes = {
					CE0661BA1F263BFC00B2A3CE = {
						CreatedOnToolsVersion = 8.3.3;
						DevelopmentTeam = W2W743QY6T;
						ProvisioningStyle = Automatic;
					};
				};
			};
			buildConfigurationList = CE0661B61F263BFC00B2A3CE /* Build configuration list for PBXProject "FantasticView" */;
			compatibilityVersion = "Xcode 3.2";
			developmentRegion = English;
			hasScannedForEncodings = 0;
			knownRegions = (
				en,
				Base,
			);
			mainGroup = CE0661B21F263BFC00B2A3CE;
			productRefGroup = CE0661BC1F263BFC00B2A3CE /* Products */;
			projectDirPath = "";
			projectRoot = "";
			targets = (
				CE0661BA1F263BFC00B2A3CE /* FantasticView */,
			);
		};
/* End PBXProject section */

/* Begin PBXResourcesBuildPhase section */
		CE0661B91F263BFC00B2A3CE /* Resources */ = {
			isa = PBXResourcesBuildPhase;
			buildActionMask = 2147483647;
			files = (
				CE0661C91F263BFC00B2A3CE /* LaunchScreen.storyboard in Resources */,
				CE0661C61F263BFC00B2A3CE /* Assets.xcassets in Resources */,
				CE0661C41F263BFC00B2A3CE /* Main.storyboard in Resources */,
			);
			runOnlyForDeploymentPostprocessing = 0;
		};
/* End PBXResourcesBuildPhase section */

/* Begin PBXSourcesBuildPhase section */
		CE0661B71F263BFC00B2A3CE /* Sources */ = {
			isa = PBXSourcesBuildPhase;
			buildActionMask = 2147483647;
			files = (
				CE0661C11F263BFC00B2A3CE /* ViewController.swift in Sources */,
				CE0661BF1F263BFC00B2A3CE /* AppDelegate.swift in Sources */,
				CE0661D11F263C5600B2A3CE /* FantasticView.swift in Sources */,
			);
			runOnlyForDeploymentPostprocessing = 0;
		};
/* End PBXSourcesBuildPhase section */

/* Begin PBXVariantGroup section */
		CE0661C21F263BFC00B2A3CE /* Main.storyboard */ = {
			isa = PBXVariantGroup;
			children = (
				CE0661C31F263BFC00B2A3CE /* Base */,
			);
			name = Main.storyboard;
			sourceTree = "<group>";
		};
		CE0661C71F263BFC00B2A3CE /* LaunchScreen.storyboard */ = {
			isa = PBXVariantGroup;
			children = (
				CE0661C81F263BFC00B2A3CE /* Base */,
			);
			name = LaunchScreen.storyboard;
			sourceTree = "<group>";
		};
/* End PBXVariantGroup section */

/* Begin XCBuildConfiguration section */
		CE0661CB1F263BFC00B2A3CE /* Debug */ = {
			isa = XCBuildConfiguration;
			buildSettings = {
				ALWAYS_SEARCH_USER_PATHS = NO;
				CLANG_ANALYZER_NONNULL = YES;
				CLANG_ANALYZER_NUMBER_OBJECT_CONVERSION = YES_AGGRESSIVE;
				CLANG_CXX_LANGUAGE_STANDARD = "gnu++0x";
				CLANG_CXX_LIBRARY = "libc++";
				CLANG_ENABLE_MODULES = YES;
				CLANG_ENABLE_OBJC_ARC = YES;
				CLANG_WARN_BOOL_CONVERSION = YES;
				CLANG_WARN_CONSTANT_CONVERSION = YES;
				CLANG_WARN_DIRECT_OBJC_ISA_USAGE = YES_ERROR;
				CLANG_WARN_DOCUMENTATION_COMMENTS = YES;
				CLANG_WARN_EMPTY_BODY = YES;
				CLANG_WARN_ENUM_CONVERSION = YES;
				CLANG_WARN_INFINITE_RECURSION = YES;
				CLANG_WARN_INT_CONVERSION = YES;
				CLANG_WARN_OBJC_ROOT_CLASS = YES_ERROR;
				CLANG_WARN_SUSPICIOUS_MOVE = YES;
				CLANG_WARN_UNREACHABLE_CODE = YES;
				CLANG_WARN__DUPLICATE_METHOD_MATCH = YES;
				"CODE_SIGN_IDENTITY[sdk=iphoneos*]" = "iPhone Developer";
				COPY_PHASE_STRIP = NO;
				DEBUG_INFORMATION_FORMAT = dwarf;
				ENABLE_STRICT_OBJC_MSGSEND = YES;
				ENABLE_TESTABILITY = YES;
				GCC_C_LANGUAGE_STANDARD = gnu99;
				GCC_DYNAMIC_NO_PIC = NO;
				GCC_NO_COMMON_BLOCKS = YES;
				GCC_OPTIMIZATION_LEVEL = 0;
				GCC_PREPROCESSOR_DEFINITIONS = (
					"DEBUG=1",
					"$(inherited)",
				);
				GCC_WARN_64_TO_32_BIT_CONVERSION = YES;
				GCC_WARN_ABOUT_RETURN_TYPE = YES_ERROR;
				GCC_WARN_UNDECLARED_SELECTOR = YES;
				GCC_WARN_UNINITIALIZED_AUTOS = YES_AGGRESSIVE;
				GCC_WARN_UNUSED_FUNCTION = YES;
				GCC_WARN_UNUSED_VARIABLE = YES;
				IPHONEOS_DEPLOYMENT_TARGET = 10.3;
				MTL_ENABLE_DEBUG_INFO = YES;
				ONLY_ACTIVE_ARCH = YES;
				SDKROOT = iphoneos;
				SWIFT_ACTIVE_COMPILATION_CONDITIONS = DEBUG;
				SWIFT_OPTIMIZATION_LEVEL = "-Onone";
				TARGETED_DEVICE_FAMILY = "1,2";
			};
			name = Debug;
		};
		CE0661CC1F263BFC00B2A3CE /* Release */ = {
			isa = XCBuildConfiguration;
			buildSettings = {
				ALWAYS_SEARCH_USER_PATHS = NO;
				CLANG_ANALYZER_NONNULL = YES;
				CLANG_ANALYZER_NUMBER_OBJECT_CONVERSION = YES_AGGRESSIVE;
				CLANG_CXX_LANGUAGE_STANDARD = "gnu++0x";
				CLANG_CXX_LIBRARY = "libc++";
				CLANG_ENABLE_MODULES = YES;
				CLANG_ENABLE_OBJC_ARC = YES;
				CLANG_WARN_BOOL_CONVERSION = YES;
				CLANG_WARN_CONSTANT_CONVERSION = YES;
				CLANG_WARN_DIRECT_OBJC_ISA_USAGE = YES_ERROR;
				CLANG_WARN_DOCUMENTATION_COMMENTS = YES;
				CLANG_WARN_EMPTY_BODY = YES;
				CLANG_WARN_ENUM_CONVERSION = YES;
				CLANG_WARN_INFINITE_RECURSION = YES;
				CLANG_WARN_INT_CONVERSION = YES;
				CLANG_WARN_OBJC_ROOT_CLASS = YES_ERROR;
				CLANG_WARN_SUSPICIOUS_MOVE = YES;
				CLANG_WARN_UNREACHABLE_CODE = YES;
				CLANG_WARN__DUPLICATE_METHOD_MATCH = YES;
				"CODE_SIGN_IDENTITY[sdk=iphoneos*]" = "iPhone Developer";
				COPY_PHASE_STRIP = NO;
				DEBUG_INFORMATION_FORMAT = "dwarf-with-dsym";
				ENABLE_NS_ASSERTIONS = NO;
				ENABLE_STRICT_OBJC_MSGSEND = YES;
				GCC_C_LANGUAGE_STANDARD = gnu99;
				GCC_NO_COMMON_BLOCKS = YES;
				GCC_WARN_64_TO_32_BIT_CONVERSION = YES;
				GCC_WARN_ABOUT_RETURN_TYPE = YES_ERROR;
				GCC_WARN_UNDECLARED_SELECTOR = YES;
				GCC_WARN_UNINITIALIZED_AUTOS = YES_AGGRESSIVE;
				GCC_WARN_UNUSED_FUNCTION = YES;
				GCC_WARN_UNUSED_VARIABLE = YES;
				IPHONEOS_DEPLOYMENT_TARGET = 10.3;
				MTL_ENABLE_DEBUG_INFO = NO;
				SDKROOT = iphoneos;
				SWIFT_OPTIMIZATION_LEVEL = "-Owholemodule";
				TARGETED_DEVICE_FAMILY = "1,2";
				VALIDATE_PRODUCT = YES;
			};
			name = Release;
		};
		CE0661CE1F263BFC00B2A3CE /* Debug */ = {
			isa = XCBuildConfiguration;
			buildSettings = {
				ASSETCATALOG_COMPILER_APPICON_NAME = AppIcon;
				DEVELOPMENT_TEAM = W2W743QY6T;
				INFOPLIST_FILE = FantasticView/Info.plist;
				LD_RUNPATH_SEARCH_PATHS = "$(inherited) @executable_path/Frameworks";
				PRODUCT_BUNDLE_IDENTIFIER = com.samafra.FantasticView;
				PRODUCT_NAME = "$(TARGET_NAME)";
				SWIFT_VERSION = 3.0;
			};
			name = Debug;
		};
		CE0661CF1F263BFC00B2A3CE /* Release */ = {
			isa = XCBuildConfiguration;
			buildSettings = {
				ASSETCATALOG_COMPILER_APPICON_NAME = AppIcon;
				DEVELOPMENT_TEAM = W2W743QY6T;
				INFOPLIST_FILE = FantasticView/Info.plist;
				LD_RUNPATH_SEARCH_PATHS = "$(inherited) @executable_path/Frameworks";
				PRODUCT_BUNDLE_IDENTIFIER = com.samafra.FantasticView;
				PRODUCT_NAME = "$(TARGET_NAME)";
				SWIFT_VERSION = 3.0;
			};
			name = Release;
		};
/* End XCBuildConfiguration section */

/* Begin XCConfigurationList section */
		CE0661B61F263BFC00B2A3CE /* Build configuration list for PBXProject "FantasticView" */ = {
			isa = XCConfigurationList;
			buildConfigurations = (
				CE0661CB1F263BFC00B2A3CE /* Debug */,
				CE0661CC1F263BFC00B2A3CE /* Release */,
			);
			defaultConfigurationIsVisible = 0;
			defaultConfigurationName = Release;
		};
		CE0661CD1F263BFC00B2A3CE /* Build configuration list for PBXNativeTarget "FantasticView" */ = {
			isa = XCConfigurationList;
			buildConfigurations = (
				CE0661CE1F263BFC00B2A3CE /* Debug */,
				CE0661CF1F263BFC00B2A3CE /* Release */,
			);
			defaultConfigurationIsVisible = 0;
		};
/* End XCConfigurationList section */
	};
	rootObject = CE0661B31F263BFC00B2A3CE /* Project object */;
}
